
Microsoft Visual Studio Solution File, Format Version 12.00
# Visual Studio Version 17
VisualStudioVersion = 17.13.35605.110
MinimumVisualStudioVersion = 10.0.40219.1
Project("{FAE04EC0-301F-11D3-BF4B-00C04F79EFBC}") = "MediaFileMetaRenamer.MetadataProviders.Abstractions", "src\MediaFileMetaRenamer.MetadaProviders.Abstractions\MediaFileMetaRenamer.MetadataProviders.Abstractions.csproj", "{AB36A669-DBBA-49DB-BDFA-21BD7940C5AD}"
EndProject
Project("{FAE04EC0-301F-11D3-BF4B-00C04F79EFBC}") = "MediaFileMetaRenamer.MetadataProviders", "src\MediaFileMetaRenamer.MetadaProviders\MediaFileMetaRenamer.MetadataProviders.csproj", "{6145345B-63D0-467B-8150-B96B089A5113}"
EndProject
Project("{FAE04EC0-301F-11D3-BF4B-00C04F79EFBC}") = "MediaFileRenamer.Cli", "src\MediaFileRenamer.Cli\MediaFileRenamer.Cli.csproj", "{B45E484E-6BEA-4DB9-BAA2-5242E9C5B0E1}"
EndProject
Global
	GlobalSection(SolutionConfigurationPlatforms) = preSolution
		Debug|Any CPU = Debug|Any CPU
		Release|Any CPU = Release|Any CPU
	EndGlobalSection
	GlobalSection(ProjectConfigurationPlatforms) = postSolution
		{AB36A669-DBBA-49DB-BDFA-21BD7940C5AD}.Debug|Any CPU.ActiveCfg = Debug|Any CPU
		{AB36A669-DBBA-49DB-BDFA-21BD7940C5AD}.Debug|Any CPU.Build.0 = Debug|Any CPU
		{AB36A669-DBBA-49DB-BDFA-21BD7940C5AD}.Release|Any CPU.ActiveCfg = Release|Any CPU
		{AB36A669-DBBA-49DB-BDFA-21BD7940C5AD}.Release|Any CPU.Build.0 = Release|Any CPU
		{6145345B-63D0-467B-8150-B96B089A5113}.Debug|Any CPU.ActiveCfg = Debug|Any CPU
		{6145345B-63D0-467B-8150-B96B089A5113}.Debug|Any CPU.Build.0 = Debug|Any CPU
		{6145345B-63D0-467B-8150-B96B089A5113}.Release|Any CPU.ActiveCfg = Release|Any CPU
		{6145345B-63D0-467B-8150-B96B089A5113}.Release|Any CPU.Build.0 = Release|Any CPU
		{B45E484E-6BEA-4DB9-BAA2-5242E9C5B0E1}.Debug|Any CPU.ActiveCfg = Debug|Any CPU
		{B45E484E-6BEA-4DB9-BAA2-5242E9C5B0E1}.Debug|Any CPU.Build.0 = Debug|Any CPU
		{B45E484E-6BEA-4DB9-BAA2-5242E9C5B0E1}.Release|Any CPU.ActiveCfg = Release|Any CPU
		{B45E484E-6BEA-4DB9-BAA2-5242E9C5B0E1}.Release|Any CPU.Build.0 = Release|Any CPU
	EndGlobalSection
	GlobalSection(SolutionProperties) = preSolution
		HideSolutionNode = FALSE
	EndGlobalSection
	GlobalSection(ExtensibilityGlobals) = postSolution
		SolutionGuid = {AAB4FB3C-DD95-4984-8233-FAD296356962}
	EndGlobalSection
EndGlobal
